// !$*UTF8*$!
{
	archiveVersion = 1;
	classes = {
	};
	objectVersion = 50;
	objects = {

/* Begin PBXBuildFile section */
		3D7609E921631FFC006B3E34 /* QuestionViewController.m in Sources */ = {isa = PBXBuildFile; fileRef = 3D7609E521631FFC006B3E34 /* QuestionViewController.m */; };
		3D7609ED216324B9006B3E34 /* PRTGeneralAnalyticsManager.m in Sources */ = {isa = PBXBuildFile; fileRef = 3D7609EC216324B8006B3E34 /* PRTGeneralAnalyticsManager.m */; };
		3DA885C221625BCD002F9D11 /* AppDelegate.m in Sources */ = {isa = PBXBuildFile; fileRef = 3DA885C121625BCD002F9D11 /* AppDelegate.m */; };
		3DA885C521625BCD002F9D11 /* ViewController.m in Sources */ = {isa = PBXBuildFile; fileRef = 3DA885C421625BCD002F9D11 /* ViewController.m */; };
		3DA885C821625BCD002F9D11 /* Main.storyboard in Resources */ = {isa = PBXBuildFile; fileRef = 3DA885C621625BCD002F9D11 /* Main.storyboard */; };
		3DA885CA21625BD0002F9D11 /* Assets.xcassets in Resources */ = {isa = PBXBuildFile; fileRef = 3DA885C921625BD0002F9D11 /* Assets.xcassets */; };
		3DA885CD21625BD0002F9D11 /* LaunchScreen.storyboard in Resources */ = {isa = PBXBuildFile; fileRef = 3DA885CB21625BD0002F9D11 /* LaunchScreen.storyboard */; };
		3DA885D021625BD0002F9D11 /* main.m in Sources */ = {isa = PBXBuildFile; fileRef = 3DA885CF21625BD0002F9D11 /* main.m */; };
		3DA885D821625BF3002F9D11 /* PHTManager.m in Sources */ = {isa = PBXBuildFile; fileRef = 3DA885D721625BF3002F9D11 /* PHTManager.m */; };
		3DA885DA21629189002F9D11 /* PRTTimer.m in Sources */ = {isa = PBXBuildFile; fileRef = 3DA885D921629189002F9D11 /* PRTTimer.m */; };
/* End PBXBuildFile section */

/* Begin PBXFileReference section */
		3D7609E521631FFC006B3E34 /* QuestionViewController.m */ = {isa = PBXFileReference; fileEncoding = 4; lastKnownFileType = sourcecode.c.objc; name = QuestionViewController.m; path = PHTManager/Question/QuestionViewController.m; sourceTree = SOURCE_ROOT; };
		3D7609E821631FFC006B3E34 /* QuestionViewController.h */ = {isa = PBXFileReference; fileEncoding = 4; lastKnownFileType = sourcecode.c.h; name = QuestionViewController.h; path = PHTManager/Question/QuestionViewController.h; sourceTree = SOURCE_ROOT; };
		3D7609EC216324B8006B3E34 /* PRTGeneralAnalyticsManager.m */ = {isa = PBXFileReference; lastKnownFileType = sourcecode.c.objc; path = PRTGeneralAnalyticsManager.m; sourceTree = "<group>"; };
		3D7609EE2163506D006B3E34 /* PRTGeneralAnalyticsManager.h */ = {isa = PBXFileReference; fileEncoding = 4; lastKnownFileType = sourcecode.c.h; path = PRTGeneralAnalyticsManager.h; sourceTree = "<group>"; };
		3DA885BD21625BCD002F9D11 /* PHTManager.app */ = {isa = PBXFileReference; explicitFileType = wrapper.application; includeInIndex = 0; path = PHTManager.app; sourceTree = BUILT_PRODUCTS_DIR; };
		3DA885C021625BCD002F9D11 /* AppDelegate.h */ = {isa = PBXFileReference; lastKnownFileType = sourcecode.c.h; path = AppDelegate.h; sourceTree = "<group>"; };
		3DA885C121625BCD002F9D11 /* AppDelegate.m */ = {isa = PBXFileReference; lastKnownFileType = sourcecode.c.objc; path = AppDelegate.m; sourceTree = "<group>"; };
		3DA885C321625BCD002F9D11 /* ViewController.h */ = {isa = PBXFileReference; lastKnownFileType = sourcecode.c.h; path = ViewController.h; sourceTree = "<group>"; };
		3DA885C421625BCD002F9D11 /* ViewController.m */ = {isa = PBXFileReference; lastKnownFileType = sourcecode.c.objc; path = ViewController.m; sourceTree = "<group>"; };
		3DA885C721625BCD002F9D11 /* Base */ = {isa = PBXFileReference; lastKnownFileType = file.storyboard; name = Base; path = Base.lproj/Main.storyboard; sourceTree = "<group>"; };
		3DA885C921625BD0002F9D11 /* Assets.xcassets */ = {isa = PBXFileReference; lastKnownFileType = folder.assetcatalog; path = Assets.xcassets; sourceTree = "<group>"; };
		3DA885CC21625BD0002F9D11 /* Base */ = {isa = PBXFileReference; lastKnownFileType = file.storyboard; name = Base; path = Base.lproj/LaunchScreen.storyboard; sourceTree = "<group>"; };
		3DA885CE21625BD0002F9D11 /* Info.plist */ = {isa = PBXFileReference; lastKnownFileType = text.plist.xml; path = Info.plist; sourceTree = "<group>"; };
		3DA885CF21625BD0002F9D11 /* main.m */ = {isa = PBXFileReference; lastKnownFileType = sourcecode.c.objc; path = main.m; sourceTree = "<group>"; };
		3DA885D621625BE5002F9D11 /* PHTManager.h */ = {isa = PBXFileReference; lastKnownFileType = sourcecode.c.h; path = PHTManager.h; sourceTree = "<group>"; };
		3DA885D721625BF3002F9D11 /* PHTManager.m */ = {isa = PBXFileReference; lastKnownFileType = sourcecode.c.objc; path = PHTManager.m; sourceTree = "<group>"; };
		3DA885D921629189002F9D11 /* PRTTimer.m */ = {isa = PBXFileReference; lastKnownFileType = sourcecode.c.objc; path = PRTTimer.m; sourceTree = "<group>"; };
		3DA885DB216291AF002F9D11 /* PRTTimer.h */ = {isa = PBXFileReference; lastKnownFileType = sourcecode.c.h; path = PRTTimer.h; sourceTree = "<group>"; };
/* End PBXFileReference section */

/* Begin PBXFrameworksBuildPhase section */
		3DA885BA21625BCD002F9D11 /* Frameworks */ = {
			isa = PBXFrameworksBuildPhase;
			buildActionMask = 2147483647;
			files = (
			);
			runOnlyForDeploymentPostprocessing = 0;
		};
/* End PBXFrameworksBuildPhase section */

/* Begin PBXGroup section */
		3D7609E021631C54006B3E34 /* Model */ = {
			isa = PBXGroup;
			children = (
			);
			path = Model;
			sourceTree = "<group>";
		};
		3D7609E121631C57006B3E34 /* Controller */ = {
			isa = PBXGroup;
			children = (
				3DA885C321625BCD002F9D11 /* ViewController.h */,
				3DA885DB216291AF002F9D11 /* PRTTimer.h */,
				3DA885D921629189002F9D11 /* PRTTimer.m */,
				3D7609EE2163506D006B3E34 /* PRTGeneralAnalyticsManager.h */,
				3D7609EC216324B8006B3E34 /* PRTGeneralAnalyticsManager.m */,
			);
			path = Controller;
			sourceTree = "<group>";
		};
		3D7609E221631C59006B3E34 /* View */ = {
			isa = PBXGroup;
			children = (
				3DA885C421625BCD002F9D11 /* ViewController.m */,
			);
			path = View;
			sourceTree = "<group>";
		};
		3D7609E421631F87006B3E34 /* Question */ = {
			isa = PBXGroup;
			children = (
				3D7609E821631FFC006B3E34 /* QuestionViewController.h */,
				3D7609E521631FFC006B3E34 /* QuestionViewController.m */,
			);
			name = Question;
			path = "New Group";
			sourceTree = "<group>";
		};
		3DA885B421625BCD002F9D11 = {
			isa = PBXGroup;
			children = (
				3DA885BF21625BCD002F9D11 /* PHTManager */,
				3DA885BE21625BCD002F9D11 /* Products */,
			);
			sourceTree = "<group>";
		};
		3DA885BE21625BCD002F9D11 /* Products */ = {
			isa = PBXGroup;
			children = (
				3DA885BD21625BCD002F9D11 /* PHTManager.app */,
			);
			name = Products;
			sourceTree = "<group>";
		};
		3DA885BF21625BCD002F9D11 /* PHTManager */ = {
			isa = PBXGroup;
			children = (
				3D7609E421631F87006B3E34 /* Question */,
				3D7609E221631C59006B3E34 /* View */,
				3D7609E121631C57006B3E34 /* Controller */,
				3D7609E021631C54006B3E34 /* Model */,
				3DA885C021625BCD002F9D11 /* AppDelegate.h */,
				3DA885C121625BCD002F9D11 /* AppDelegate.m */,
				3DA885C621625BCD002F9D11 /* Main.storyboard */,
				3DA885C921625BD0002F9D11 /* Assets.xcassets */,
				3DA885CB21625BD0002F9D11 /* LaunchScreen.storyboard */,
				3DA885CE21625BD0002F9D11 /* Info.plist */,
				3DA885CF21625BD0002F9D11 /* main.m */,
				3DA885D621625BE5002F9D11 /* PHTManager.h */,
				3DA885D721625BF3002F9D11 /* PHTManager.m */,
			);
			path = PHTManager;
			sourceTree = "<group>";
		};
/* End PBXGroup section */

/* Begin PBXNativeTarget section */
		3DA885BC21625BCD002F9D11 /* PHTManager */ = {
			isa = PBXNativeTarget;
			buildConfigurationList = 3DA885D321625BD0002F9D11 /* Build configuration list for PBXNativeTarget "PHTManager" */;
			buildPhases = (
				3DA885B921625BCD002F9D11 /* Sources */,
				3DA885BA21625BCD002F9D11 /* Frameworks */,
				3DA885BB21625BCD002F9D11 /* Resources */,
			);
			buildRules = (
			);
			dependencies = (
			);
			name = PHTManager;
			productName = PHTManager;
			productReference = 3DA885BD21625BCD002F9D11 /* PHTManager.app */;
			productType = "com.apple.product-type.application";
		};
/* End PBXNativeTarget section */

/* Begin PBXProject section */
		3DA885B521625BCD002F9D11 /* Project object */ = {
			isa = PBXProject;
			attributes = {
				LastUpgradeCheck = 0940;
				ORGANIZATIONNAME = "Rapha Solution";
				TargetAttributes = {
					3DA885BC21625BCD002F9D11 = {
						CreatedOnToolsVersion = 9.4.1;
					};
				};
			};
			buildConfigurationList = 3DA885B821625BCD002F9D11 /* Build configuration list for PBXProject "PHTManager" */;
			compatibilityVersion = "Xcode 9.3";
			developmentRegion = en;
			hasScannedForEncodings = 0;
			knownRegions = (
				en,
				Base,
			);
			mainGroup = 3DA885B421625BCD002F9D11;
			productRefGroup = 3DA885BE21625BCD002F9D11 /* Products */;
			projectDirPath = "";
			projectRoot = "";
			targets = (
				3DA885BC21625BCD002F9D11 /* PHTManager */,
			);
		};
/* End PBXProject section */

/* Begin PBXResourcesBuildPhase section */
		3DA885BB21625BCD002F9D11 /* Resources */ = {
			isa = PBXResourcesBuildPhase;
			buildActionMask = 2147483647;
			files = (
				3DA885CD21625BD0002F9D11 /* LaunchScreen.storyboard in Resources */,
				3DA885CA21625BD0002F9D11 /* Assets.xcassets in Resources */,
				3DA885C821625BCD002F9D11 /* Main.storyboard in Resources */,
			);
			runOnlyForDeploymentPostprocessing = 0;
		};
/* End PBXResourcesBuildPhase section */

/* Begin PBXSourcesBuildPhase section */
		3DA885B921625BCD002F9D11 /* Sources */ = {
			isa = PBXSourcesBuildPhase;
			buildActionMask = 2147483647;
			files = (
				3D7609E921631FFC006B3E34 /* QuestionViewController.m in Sources */,
				3DA885C521625BCD002F9D11 /* ViewController.m in Sources */,
				3DA885D021625BD0002F9D11 /* main.m in Sources */,
				3DA885D821625BF3002F9D11 /* PHTManager.m in Sources */,
				3DA885DA21629189002F9D11 /* PRTTimer.m in Sources */,
				3D7609ED216324B9006B3E34 /* PRTGeneralAnalyticsManager.m in Sources */,
				3DA885C221625BCD002F9D11 /* AppDelegate.m in Sources */,
			);
			runOnlyForDeploymentPostprocessing = 0;
		};
/* End PBXSourcesBuildPhase section */

/* Begin PBXVariantGroup section */
		3DA885C621625BCD002F9D11 /* Main.storyboard */ = {
			isa = PBXVariantGroup;
			children = (
				3DA885C721625BCD002F9D11 /* Base */,
			);
			name = Main.storyboard;
			sourceTree = "<group>";
		};
		3DA885CB21625BD0002F9D11 /* LaunchScreen.storyboard */ = {
			isa = PBXVariantGroup;
			children = (
				3DA885CC21625BD0002F9D11 /* Base */,
			);
			name = LaunchScreen.storyboard;
			sourceTree = "<group>";
		};
/* End PBXVariantGroup section */

/* Begin XCBuildConfiguration section */
		3DA885D121625BD0002F9D11 /* Debug */ = {
			isa = XCBuildConfiguration;
			buildSettings = {
				ALWAYS_SEARCH_USER_PATHS = NO;
				CLANG_ANALYZER_NONNULL = YES;
				CLANG_ANALYZER_NUMBER_OBJECT_CONVERSION = YES_AGGRESSIVE;
				CLANG_CXX_LANGUAGE_STANDARD = "gnu++14";
				CLANG_CXX_LIBRARY = "libc++";
				CLANG_ENABLE_MODULES = YES;
				CLANG_ENABLE_OBJC_ARC = YES;
				CLANG_ENABLE_OBJC_WEAK = YES;
				CLANG_WARN_BLOCK_CAPTURE_AUTORELEASING = YES;
				CLANG_WARN_BOOL_CONVERSION = YES;
				CLANG_WARN_COMMA = YES;
				CLANG_WARN_CONSTANT_CONVERSION = YES;
				CLANG_WARN_DEPRECATED_OBJC_IMPLEMENTATIONS = YES;
				CLANG_WARN_DIRECT_OBJC_ISA_USAGE = YES_ERROR;
				CLANG_WARN_DOCUMENTATION_COMMENTS = YES;
				CLANG_WARN_EMPTY_BODY = YES;
				CLANG_WARN_ENUM_CONVERSION = YES;
				CLANG_WARN_INFINITE_RECURSION = YES;
				CLANG_WARN_INT_CONVERSION = YES;
				CLANG_WARN_NON_LITERAL_NULL_CONVERSION = YES;
				CLANG_WARN_OBJC_IMPLICIT_RETAIN_SELF = YES;
				CLANG_WARN_OBJC_LITERAL_CONVERSION = YES;
				CLANG_WARN_OBJC_ROOT_CLASS = YES_ERROR;
				CLANG_WARN_RANGE_LOOP_ANALYSIS = YES;
				CLANG_WARN_STRICT_PROTOTYPES = YES;
				CLANG_WARN_SUSPICIOUS_MOVE = YES;
				CLANG_WARN_UNGUARDED_AVAILABILITY = YES_AGGRESSIVE;
				CLANG_WARN_UNREACHABLE_CODE = YES;
				CLANG_WARN__DUPLICATE_METHOD_MATCH = YES;
				CODE_SIGN_IDENTITY = "iPhone Developer";
				COPY_PHASE_STRIP = NO;
				DEBUG_INFORMATION_FORMAT = dwarf;
				ENABLE_STRICT_OBJC_MSGSEND = YES;
				ENABLE_TESTABILITY = YES;
				GCC_C_LANGUAGE_STANDARD = gnu11;
				GCC_DYNAMIC_NO_PIC = NO;
				GCC_NO_COMMON_BLOCKS = YES;
				GCC_OPTIMIZATION_LEVEL = 0;
				GCC_PREPROCESSOR_DEFINITIONS = (
					"DEBUG=1",
					"$(inherited)",
				);
				GCC_WARN_64_TO_32_BIT_CONVERSION = YES;
				GCC_WARN_ABOUT_RETURN_TYPE = YES_ERROR;
				GCC_WARN_UNDECLARED_SELECTOR = YES;
				GCC_WARN_UNINITIALIZED_AUTOS = YES_AGGRESSIVE;
				GCC_WARN_UNUSED_FUNCTION = YES;
				GCC_WARN_UNUSED_VARIABLE = YES;
				IPHONEOS_DEPLOYMENT_TARGET = 11.4;
				MTL_ENABLE_DEBUG_INFO = YES;
				ONLY_ACTIVE_ARCH = YES;
				SDKROOT = iphoneos;
			};
			name = Debug;
		};
		3DA885D221625BD0002F9D11 /* Release */ = {
			isa = XCBuildConfiguration;
			buildSettings = {
				ALWAYS_SEARCH_USER_PATHS = NO;
				CLANG_ANALYZER_NONNULL = YES;
				CLANG_ANALYZER_NUMBER_OBJECT_CONVERSION = YES_AGGRESSIVE;
				CLANG_CXX_LANGUAGE_STANDARD = "gnu++14";
				CLANG_CXX_LIBRARY = "libc++";
				CLANG_ENABLE_MODULES = YES;
				CLANG_ENABLE_OBJC_ARC = YES;
				CLANG_ENABLE_OBJC_WEAK = YES;
				CLANG_WARN_BLOCK_CAPTURE_AUTORELEASING = YES;
				CLANG_WARN_BOOL_CONVERSION = YES;
				CLANG_WARN_COMMA = YES;
				CLANG_WARN_CONSTANT_CONVERSION = YES;
				CLANG_WARN_DEPRECATED_OBJC_IMPLEMENTATIONS = YES;
				CLANG_WARN_DIRECT_OBJC_ISA_USAGE = YES_ERROR;
				CLANG_WARN_DOCUMENTATION_COMMENTS = YES;
				CLANG_WARN_EMPTY_BODY = YES;
				CLANG_WARN_ENUM_CONVERSION = YES;
				CLANG_WARN_INFINITE_RECURSION = YES;
				CLANG_WARN_INT_CONVERSION = YES;
				CLANG_WARN_NON_LITERAL_NULL_CONVERSION = YES;
				CLANG_WARN_OBJC_IMPLICIT_RETAIN_SELF = YES;
				CLANG_WARN_OBJC_LITERAL_CONVERSION = YES;
				CLANG_WARN_OBJC_ROOT_CLASS = YES_ERROR;
				CLANG_WARN_RANGE_LOOP_ANALYSIS = YES;
				CLANG_WARN_STRICT_PROTOTYPES = YES;
				CLANG_WARN_SUSPICIOUS_MOVE = YES;
				CLANG_WARN_UNGUARDED_AVAILABILITY = YES_AGGRESSIVE;
				CLANG_WARN_UNREACHABLE_CODE = YES;
				CLANG_WARN__DUPLICATE_METHOD_MATCH = YES;
				CODE_SIGN_IDENTITY = "iPhone Developer";
				COPY_PHASE_STRIP = NO;
				DEBUG_INFORMATION_FORMAT = "dwarf-with-dsym";
				ENABLE_NS_ASSERTIONS = NO;
				ENABLE_STRICT_OBJC_MSGSEND = YES;
				GCC_C_LANGUAGE_STANDARD = gnu11;
				GCC_NO_COMMON_BLOCKS = YES;
				GCC_WARN_64_TO_32_BIT_CONVERSION = YES;
				GCC_WARN_ABOUT_RETURN_TYPE = YES_ERROR;
				GCC_WARN_UNDECLARED_SELECTOR = YES;
				GCC_WARN_UNINITIALIZED_AUTOS = YES_AGGRESSIVE;
				GCC_WARN_UNUSED_FUNCTION = YES;
				GCC_WARN_UNUSED_VARIABLE = YES;
				IPHONEOS_DEPLOYMENT_TARGET = 11.4;
				MTL_ENABLE_DEBUG_INFO = NO;
				SDKROOT = iphoneos;
				VALIDATE_PRODUCT = YES;
			};
			name = Release;
		};
		3DA885D421625BD0002F9D11 /* Debug */ = {
			isa = XCBuildConfiguration;
			buildSettings = {
				ASSETCATALOG_COMPILER_APPICON_NAME = AppIcon;
				CODE_SIGN_STYLE = Automatic;
				DEVELOPMENT_TEAM = LLVXH2X953;
				INFOPLIST_FILE = PHTManager/Info.plist;
				LD_RUNPATH_SEARCH_PATHS = (
					"$(inherited)",
					"@executable_path/Frameworks",
				);
				PRODUCT_BUNDLE_IDENTIFIER = com.Rapha.PHTManager;
				PRODUCT_NAME = "$(TARGET_NAME)";
				TARGETED_DEVICE_FAMILY = "1,2";
			};
			name = Debug;
		};
		3DA885D521625BD0002F9D11 /* Release */ = {
			isa = XCBuildConfiguration;
			buildSettings = {
				ASSETCATALOG_COMPILER_APPICON_NAME = AppIcon;
				CODE_SIGN_STYLE = Automatic;
				DEVELOPMENT_TEAM = LLVXH2X953;
				INFOPLIST_FILE = PHTManager/Info.plist;
				LD_RUNPATH_SEARCH_PATHS = (
					"$(inherited)",
					"@executable_path/Frameworks",
				);
				PRODUCT_BUNDLE_IDENTIFIER = com.Rapha.PHTManager;
				PRODUCT_NAME = "$(TARGET_NAME)";
				TARGETED_DEVICE_FAMILY = "1,2";
			};
			name = Release;
		};
/* End XCBuildConfiguration section */

/* Begin XCConfigurationList section */
		3DA885B821625BCD002F9D11 /* Build configuration list for PBXProject "PHTManager" */ = {
			isa = XCConfigurationList;
			buildConfigurations = (
				3DA885D121625BD0002F9D11 /* Debug */,
				3DA885D221625BD0002F9D11 /* Release */,
			);
			defaultConfigurationIsVisible = 0;
			defaultConfigurationName = Release;
		};
		3DA885D321625BD0002F9D11 /* Build configuration list for PBXNativeTarget "PHTManager" */ = {
			isa = XCConfigurationList;
			buildConfigurations = (
				3DA885D421625BD0002F9D11 /* Debug */,
				3DA885D521625BD0002F9D11 /* Release */,
			);
			defaultConfigurationIsVisible = 0;
			defaultConfigurationName = Release;
		};
/* End XCConfigurationList section */
	};
	rootObject = 3DA885B521625BCD002F9D11 /* Project object */;
}
